
Microsoft Visual Studio Solution File, Format Version 12.00
# Visual Studio Version 17
VisualStudioVersion = 17.14.36109.1 d17.14
MinimumVisualStudioVersion = 10.0.40219.1
Project("{FAE04EC0-301F-11D3-BF4B-00C04F79EFBC}") = "PagesDesignMaui", "PagesDesignMaui\PagesDesignMaui.csproj", "{075E3138-A9FA-43C9-B5C3-26B8F7A669CF}"
EndProject
Global
	GlobalSection(SolutionConfigurationPlatforms) = preSolution
		Debug|Any CPU = Debug|Any CPU
		Release|Any CPU = Release|Any CPU
	EndGlobalSection
	GlobalSection(ProjectConfigurationPlatforms) = postSolution
		{075E3138-A9FA-43C9-B5C3-26B8F7A669CF}.Debug|Any CPU.ActiveCfg = Debug|Any CPU
		{075E3138-A9FA-43C9-B5C3-26B8F7A669CF}.Debug|Any CPU.Build.0 = Debug|Any CPU
		{075E3138-A9FA-43C9-B5C3-26B8F7A669CF}.Release|Any CPU.ActiveCfg = Release|Any CPU
		{075E3138-A9FA-43C9-B5C3-26B8F7A669CF}.Release|Any CPU.Build.0 = Release|Any CPU
	EndGlobalSection
	GlobalSection(SolutionProperties) = preSolution
		HideSolutionNode = FALSE
	EndGlobalSection
	GlobalSection(ExtensibilityGlobals) = postSolution
		SolutionGuid = {CADCDC08-4145-45A2-9343-60347842EC6F}
	EndGlobalSection
EndGlobal
